
Microsoft Visual Studio Solution File, Format Version 12.00
# Visual Studio 2013
VisualStudioVersion = 12.0.21005.1
MinimumVisualStudioVersion = 10.0.40219.1
Project("{8BC9CEB8-8B4A-11D0-8D11-00A0C91BC942}") = "RTK_POST", "RTK_POST\RTK_POST.vcxproj", "{A230D92B-2144-4CA6-9E22-40A7EDD6F59D}"
EndProject
Global
	GlobalSection(SolutionConfigurationPlatforms) = preSolution
		Debug|Win32 = Debug|Win32
		Release|Win32 = Release|Win32
	EndGlobalSection
	GlobalSection(ProjectConfigurationPlatforms) = postSolution
		{A230D92B-2144-4CA6-9E22-40A7EDD6F59D}.Debug|Win32.ActiveCfg = Debug|Win32
		{A230D92B-2144-4CA6-9E22-40A7EDD6F59D}.Debug|Win32.Build.0 = Debug|Win32
		{A230D92B-2144-4CA6-9E22-40A7EDD6F59D}.Release|Win32.ActiveCfg = Release|Win32
		{A230D92B-2144-4CA6-9E22-40A7EDD6F59D}.Release|Win32.Build.0 = Release|Win32
	EndGlobalSection
	GlobalSection(SolutionProperties) = preSolution
		HideSolutionNode = FALSE
	EndGlobalSection
EndGlobal
